
Microsoft Visual Studio Solution File, Format Version 10.00
# Visual Studio 2008
Project("{8BC9CEB8-8B4A-11D0-8D11-00A0C91BC942}") = "Test_dSP", "Test_dSP\Test_dSP.vcproj", "{D8C3B874-33FE-4C1F-9859-10EF51C2842B}"
	ProjectSection(ProjectDependencies) = postProject
		{FCADD500-DBCD-472F-8BE4-EFEB08F64685} = {FCADD500-DBCD-472F-8BE4-EFEB08F64685}
		{4D9D3F2B-AE35-4D41-96B9-B831623934B6} = {4D9D3F2B-AE35-4D41-96B9-B831623934B6}
		{A4131083-3F56-41DA-84EE-C5382271B27F} = {A4131083-3F56-41DA-84EE-C5382271B27F}
		{5719BBBE-2900-4A47-BBCA-59F3F8399527} = {5719BBBE-2900-4A47-BBCA-59F3F8399527}
	EndProjectSection
EndProject
Project("{8BC9CEB8-8B4A-11D0-8D11-00A0C91BC942}") = "libDH", "libDH\libDH.vcproj", "{5719BBBE-2900-4A47-BBCA-59F3F8399527}"
EndProject
Project("{2150E333-8FDC-42A3-9474-1A3956D46DE8}") = "Solution Items", "Solution Items", "{3546A79A-83CA-4925-892F-CFE542297749}"
	ProjectSection(SolutionItems) = preProject
		CHANGELOG = CHANGELOG
		COPYING = COPYING
		GeneralDefinitions.h = GeneralDefinitions.h
		Makefile = Makefile
		README = README
	EndProjectSection
EndProject
Project("{8BC9CEB8-8B4A-11D0-8D11-00A0C91BC942}") = "libSPRegion", "libSPRegion\libSPRegion.vcproj", "{4D9D3F2B-AE35-4D41-96B9-B831623934B6}"
EndProject
Project("{8BC9CEB8-8B4A-11D0-8D11-00A0C91BC942}") = "libDHMultM", "libDHMultM\libDHMultM.vcproj", "{A4131083-3F56-41DA-84EE-C5382271B27F}"
EndProject
Project("{8BC9CEB8-8B4A-11D0-8D11-00A0C91BC942}") = "Test_mdSP", "Test_mdSP\Test_mdSP.vcproj", "{B4A31EF4-F3FA-43EC-A8EB-87F06EB4D936}"
	ProjectSection(ProjectDependencies) = postProject
		{FCADD500-DBCD-472F-8BE4-EFEB08F64685} = {FCADD500-DBCD-472F-8BE4-EFEB08F64685}
		{4D9D3F2B-AE35-4D41-96B9-B831623934B6} = {4D9D3F2B-AE35-4D41-96B9-B831623934B6}
		{A4131083-3F56-41DA-84EE-C5382271B27F} = {A4131083-3F56-41DA-84EE-C5382271B27F}
	EndProjectSection
EndProject
Project("{8BC9CEB8-8B4A-11D0-8D11-00A0C91BC942}") = "libRegionBPP", "libRegionBPP\libRegionBPP.vcproj", "{FCADD500-DBCD-472F-8BE4-EFEB08F64685}"
EndProject
Project("{8BC9CEB8-8B4A-11D0-8D11-00A0C91BC942}") = "structuredPrediction", "structuredPrediction\structuredPrediction.vcproj", "{3E31CC2A-8575-4111-975A-80B522070136}"
	ProjectSection(ProjectDependencies) = postProject
		{FCADD500-DBCD-472F-8BE4-EFEB08F64685} = {FCADD500-DBCD-472F-8BE4-EFEB08F64685}
		{4D9D3F2B-AE35-4D41-96B9-B831623934B6} = {4D9D3F2B-AE35-4D41-96B9-B831623934B6}
		{E3DE2785-4B40-4708-999D-E8F8CBAD7F0D} = {E3DE2785-4B40-4708-999D-E8F8CBAD7F0D}
		{5719BBBE-2900-4A47-BBCA-59F3F8399527} = {5719BBBE-2900-4A47-BBCA-59F3F8399527}
	EndProjectSection
EndProject
Project("{8BC9CEB8-8B4A-11D0-8D11-00A0C91BC942}") = "libLatentSPRegion", "libLatentSPRegion\libLatentSPRegion.vcproj", "{E3DE2785-4B40-4708-999D-E8F8CBAD7F0D}"
EndProject
Project("{8BC9CEB8-8B4A-11D0-8D11-00A0C91BC942}") = "Test_dLSP", "Test_dLSP\Test_dLSP.vcproj", "{3FFDAB3D-8CBF-4533-8EBF-31F4CAF5F66E}"
	ProjectSection(ProjectDependencies) = postProject
		{FCADD500-DBCD-472F-8BE4-EFEB08F64685} = {FCADD500-DBCD-472F-8BE4-EFEB08F64685}
		{4D9D3F2B-AE35-4D41-96B9-B831623934B6} = {4D9D3F2B-AE35-4D41-96B9-B831623934B6}
		{A4131083-3F56-41DA-84EE-C5382271B27F} = {A4131083-3F56-41DA-84EE-C5382271B27F}
		{E3DE2785-4B40-4708-999D-E8F8CBAD7F0D} = {E3DE2785-4B40-4708-999D-E8F8CBAD7F0D}
		{5719BBBE-2900-4A47-BBCA-59F3F8399527} = {5719BBBE-2900-4A47-BBCA-59F3F8399527}
	EndProjectSection
EndProject
Project("{8BC9CEB8-8B4A-11D0-8D11-00A0C91BC942}") = "latentStructuredPrediction", "latentStructuredPrediction\latentStructuredPrediction.vcproj", "{92413CA1-E4CA-4299-993E-02DD8ADB83D3}"
	ProjectSection(ProjectDependencies) = postProject
		{FCADD500-DBCD-472F-8BE4-EFEB08F64685} = {FCADD500-DBCD-472F-8BE4-EFEB08F64685}
		{4D9D3F2B-AE35-4D41-96B9-B831623934B6} = {4D9D3F2B-AE35-4D41-96B9-B831623934B6}
		{A4131083-3F56-41DA-84EE-C5382271B27F} = {A4131083-3F56-41DA-84EE-C5382271B27F}
		{E3DE2785-4B40-4708-999D-E8F8CBAD7F0D} = {E3DE2785-4B40-4708-999D-E8F8CBAD7F0D}
		{5719BBBE-2900-4A47-BBCA-59F3F8399527} = {5719BBBE-2900-4A47-BBCA-59F3F8399527}
	EndProjectSection
EndProject
Global
	GlobalSection(SolutionConfigurationPlatforms) = preSolution
		Debug|Win32 = Debug|Win32
		Debug|x64 = Debug|x64
		Release|Win32 = Release|Win32
		Release|x64 = Release|x64
	EndGlobalSection
	GlobalSection(ProjectConfigurationPlatforms) = postSolution
		{D8C3B874-33FE-4C1F-9859-10EF51C2842B}.Debug|Win32.ActiveCfg = Debug|Win32
		{D8C3B874-33FE-4C1F-9859-10EF51C2842B}.Debug|Win32.Build.0 = Debug|Win32
		{D8C3B874-33FE-4C1F-9859-10EF51C2842B}.Debug|x64.ActiveCfg = Debug|x64
		{D8C3B874-33FE-4C1F-9859-10EF51C2842B}.Debug|x64.Build.0 = Debug|x64
		{D8C3B874-33FE-4C1F-9859-10EF51C2842B}.Release|Win32.ActiveCfg = Release|Win32
		{D8C3B874-33FE-4C1F-9859-10EF51C2842B}.Release|Win32.Build.0 = Release|Win32
		{D8C3B874-33FE-4C1F-9859-10EF51C2842B}.Release|x64.ActiveCfg = Release|x64
		{D8C3B874-33FE-4C1F-9859-10EF51C2842B}.Release|x64.Build.0 = Release|x64
		{5719BBBE-2900-4A47-BBCA-59F3F8399527}.Debug|Win32.ActiveCfg = Debug|Win32
		{5719BBBE-2900-4A47-BBCA-59F3F8399527}.Debug|Win32.Build.0 = Debug|Win32
		{5719BBBE-2900-4A47-BBCA-59F3F8399527}.Debug|x64.ActiveCfg = Debug|x64
		{5719BBBE-2900-4A47-BBCA-59F3F8399527}.Debug|x64.Build.0 = Debug|x64
		{5719BBBE-2900-4A47-BBCA-59F3F8399527}.Release|Win32.ActiveCfg = Release|Win32
		{5719BBBE-2900-4A47-BBCA-59F3F8399527}.Release|Win32.Build.0 = Release|Win32
		{5719BBBE-2900-4A47-BBCA-59F3F8399527}.Release|x64.ActiveCfg = Release|x64
		{5719BBBE-2900-4A47-BBCA-59F3F8399527}.Release|x64.Build.0 = Release|x64
		{4D9D3F2B-AE35-4D41-96B9-B831623934B6}.Debug|Win32.ActiveCfg = Debug|Win32
		{4D9D3F2B-AE35-4D41-96B9-B831623934B6}.Debug|Win32.Build.0 = Debug|Win32
		{4D9D3F2B-AE35-4D41-96B9-B831623934B6}.Debug|x64.ActiveCfg = Debug|x64
		{4D9D3F2B-AE35-4D41-96B9-B831623934B6}.Debug|x64.Build.0 = Debug|x64
		{4D9D3F2B-AE35-4D41-96B9-B831623934B6}.Release|Win32.ActiveCfg = Release|Win32
		{4D9D3F2B-AE35-4D41-96B9-B831623934B6}.Release|Win32.Build.0 = Release|Win32
		{4D9D3F2B-AE35-4D41-96B9-B831623934B6}.Release|x64.ActiveCfg = Release|x64
		{4D9D3F2B-AE35-4D41-96B9-B831623934B6}.Release|x64.Build.0 = Release|x64
		{A4131083-3F56-41DA-84EE-C5382271B27F}.Debug|Win32.ActiveCfg = Debug|Win32
		{A4131083-3F56-41DA-84EE-C5382271B27F}.Debug|Win32.Build.0 = Debug|Win32
		{A4131083-3F56-41DA-84EE-C5382271B27F}.Debug|x64.ActiveCfg = Debug|x64
		{A4131083-3F56-41DA-84EE-C5382271B27F}.Debug|x64.Build.0 = Debug|x64
		{A4131083-3F56-41DA-84EE-C5382271B27F}.Release|Win32.ActiveCfg = Release|Win32
		{A4131083-3F56-41DA-84EE-C5382271B27F}.Release|Win32.Build.0 = Release|Win32
		{A4131083-3F56-41DA-84EE-C5382271B27F}.Release|x64.ActiveCfg = Release|x64
		{A4131083-3F56-41DA-84EE-C5382271B27F}.Release|x64.Build.0 = Release|x64
		{B4A31EF4-F3FA-43EC-A8EB-87F06EB4D936}.Debug|Win32.ActiveCfg = Debug|Win32
		{B4A31EF4-F3FA-43EC-A8EB-87F06EB4D936}.Debug|Win32.Build.0 = Debug|Win32
		{B4A31EF4-F3FA-43EC-A8EB-87F06EB4D936}.Debug|x64.ActiveCfg = Debug|x64
		{B4A31EF4-F3FA-43EC-A8EB-87F06EB4D936}.Debug|x64.Build.0 = Debug|x64
		{B4A31EF4-F3FA-43EC-A8EB-87F06EB4D936}.Release|Win32.ActiveCfg = Release|Win32
		{B4A31EF4-F3FA-43EC-A8EB-87F06EB4D936}.Release|Win32.Build.0 = Release|Win32
		{B4A31EF4-F3FA-43EC-A8EB-87F06EB4D936}.Release|x64.ActiveCfg = Release|x64
		{B4A31EF4-F3FA-43EC-A8EB-87F06EB4D936}.Release|x64.Build.0 = Release|x64
		{FCADD500-DBCD-472F-8BE4-EFEB08F64685}.Debug|Win32.ActiveCfg = Debug|Win32
		{FCADD500-DBCD-472F-8BE4-EFEB08F64685}.Debug|Win32.Build.0 = Debug|Win32
		{FCADD500-DBCD-472F-8BE4-EFEB08F64685}.Debug|x64.ActiveCfg = Debug|x64
		{FCADD500-DBCD-472F-8BE4-EFEB08F64685}.Debug|x64.Build.0 = Debug|x64
		{FCADD500-DBCD-472F-8BE4-EFEB08F64685}.Release|Win32.ActiveCfg = Release|Win32
		{FCADD500-DBCD-472F-8BE4-EFEB08F64685}.Release|Win32.Build.0 = Release|Win32
		{FCADD500-DBCD-472F-8BE4-EFEB08F64685}.Release|x64.ActiveCfg = Release|x64
		{FCADD500-DBCD-472F-8BE4-EFEB08F64685}.Release|x64.Build.0 = Release|x64
		{3E31CC2A-8575-4111-975A-80B522070136}.Debug|Win32.ActiveCfg = Debug|Win32
		{3E31CC2A-8575-4111-975A-80B522070136}.Debug|Win32.Build.0 = Debug|Win32
		{3E31CC2A-8575-4111-975A-80B522070136}.Debug|x64.ActiveCfg = Debug|x64
		{3E31CC2A-8575-4111-975A-80B522070136}.Debug|x64.Build.0 = Debug|x64
		{3E31CC2A-8575-4111-975A-80B522070136}.Release|Win32.ActiveCfg = Release|Win32
		{3E31CC2A-8575-4111-975A-80B522070136}.Release|Win32.Build.0 = Release|Win32
		{3E31CC2A-8575-4111-975A-80B522070136}.Release|x64.ActiveCfg = Release|x64
		{3E31CC2A-8575-4111-975A-80B522070136}.Release|x64.Build.0 = Release|x64
		{E3DE2785-4B40-4708-999D-E8F8CBAD7F0D}.Debug|Win32.ActiveCfg = Debug|Win32
		{E3DE2785-4B40-4708-999D-E8F8CBAD7F0D}.Debug|Win32.Build.0 = Debug|Win32
		{E3DE2785-4B40-4708-999D-E8F8CBAD7F0D}.Debug|x64.ActiveCfg = Debug|x64
		{E3DE2785-4B40-4708-999D-E8F8CBAD7F0D}.Debug|x64.Build.0 = Debug|x64
		{E3DE2785-4B40-4708-999D-E8F8CBAD7F0D}.Release|Win32.ActiveCfg = Release|Win32
		{E3DE2785-4B40-4708-999D-E8F8CBAD7F0D}.Release|Win32.Build.0 = Release|Win32
		{E3DE2785-4B40-4708-999D-E8F8CBAD7F0D}.Release|x64.ActiveCfg = Release|x64
		{E3DE2785-4B40-4708-999D-E8F8CBAD7F0D}.Release|x64.Build.0 = Release|x64
		{3FFDAB3D-8CBF-4533-8EBF-31F4CAF5F66E}.Debug|Win32.ActiveCfg = Debug|Win32
		{3FFDAB3D-8CBF-4533-8EBF-31F4CAF5F66E}.Debug|Win32.Build.0 = Debug|Win32
		{3FFDAB3D-8CBF-4533-8EBF-31F4CAF5F66E}.Debug|x64.ActiveCfg = Debug|x64
		{3FFDAB3D-8CBF-4533-8EBF-31F4CAF5F66E}.Debug|x64.Build.0 = Debug|x64
		{3FFDAB3D-8CBF-4533-8EBF-31F4CAF5F66E}.Release|Win32.ActiveCfg = Release|Win32
		{3FFDAB3D-8CBF-4533-8EBF-31F4CAF5F66E}.Release|Win32.Build.0 = Release|Win32
		{3FFDAB3D-8CBF-4533-8EBF-31F4CAF5F66E}.Release|x64.ActiveCfg = Release|x64
		{3FFDAB3D-8CBF-4533-8EBF-31F4CAF5F66E}.Release|x64.Build.0 = Release|x64
		{92413CA1-E4CA-4299-993E-02DD8ADB83D3}.Debug|Win32.ActiveCfg = Debug|Win32
		{92413CA1-E4CA-4299-993E-02DD8ADB83D3}.Debug|Win32.Build.0 = Debug|Win32
		{92413CA1-E4CA-4299-993E-02DD8ADB83D3}.Debug|x64.ActiveCfg = Debug|x64
		{92413CA1-E4CA-4299-993E-02DD8ADB83D3}.Debug|x64.Build.0 = Debug|x64
		{92413CA1-E4CA-4299-993E-02DD8ADB83D3}.Release|Win32.ActiveCfg = Release|Win32
		{92413CA1-E4CA-4299-993E-02DD8ADB83D3}.Release|Win32.Build.0 = Release|Win32
		{92413CA1-E4CA-4299-993E-02DD8ADB83D3}.Release|x64.ActiveCfg = Release|x64
		{92413CA1-E4CA-4299-993E-02DD8ADB83D3}.Release|x64.Build.0 = Release|x64
	EndGlobalSection
	GlobalSection(SolutionProperties) = preSolution
		HideSolutionNode = FALSE
	EndGlobalSection
EndGlobal
